
Microsoft Visual Studio Solution File, Format Version 12.00
# Visual Studio Version 17
VisualStudioVersion = 17.10.35013.160
MinimumVisualStudioVersion = 10.0.40219.1
Project("{FAE04EC0-301F-11D3-BF4B-00C04F79EFBC}") = "exam", "exam\exam.csproj", "{9483E647-2C65-4A4E-82B6-50B170324355}"
EndProject
Global
	GlobalSection(SolutionConfigurationPlatforms) = preSolution
		Debug|Any CPU = Debug|Any CPU
		Release|Any CPU = Release|Any CPU
	EndGlobalSection
	GlobalSection(ProjectConfigurationPlatforms) = postSolution
		{9483E647-2C65-4A4E-82B6-50B170324355}.Debug|Any CPU.ActiveCfg = Debug|Any CPU
		{9483E647-2C65-4A4E-82B6-50B170324355}.Debug|Any CPU.Build.0 = Debug|Any CPU
		{9483E647-2C65-4A4E-82B6-50B170324355}.Release|Any CPU.ActiveCfg = Release|Any CPU
		{9483E647-2C65-4A4E-82B6-50B170324355}.Release|Any CPU.Build.0 = Release|Any CPU
	EndGlobalSection
	GlobalSection(SolutionProperties) = preSolution
		HideSolutionNode = FALSE
	EndGlobalSection
	GlobalSection(ExtensibilityGlobals) = postSolution
		SolutionGuid = {52095B3F-3270-4E9A-B9C5-790BDBEA4BF3}
	EndGlobalSection
EndGlobal
